{
  "lockfileVersion": 1,
  "configVersion": 1,
  "workspaces": {
    "": {
      "name": "@laplace.live/shopify-helper",
      "dependencies": {
        "@napi-rs/canvas": "^0.1.100",
        "@shopify/shopify-api": "^13.1.0",
        "consola": "^3.4.2",
        "xlsx": "https://cdn.sheetjs.com/xlsx-0.20.1/xlsx-0.20.1.tgz",
      },
      "devDependencies": {
        "@biomejs/biome": "^2.5.4",
        "@types/bun": "latest",
      },
      "peerDependencies": {
        "typescript": "^5.9.3",
      },
    },
  },
  "packages": {
    "@biomejs/biome": ["@biomejs/biome@2.5.4", "", { "optionalDependencies": { "@biomejs/cli-darwin-arm64": "2.5.4", "@biomejs/cli-darwin-x64": "2.5.4", "@biomejs/cli-linux-arm64": "2.5.4", "@biomejs/cli-linux-arm64-musl": "2.5.4", "@biomejs/cli-linux-x64": "2.5.4", "@biomejs/cli-linux-x64-musl": "2.5.4", "@biomejs/cli-win32-arm64": "2.5.4", "@biomejs/cli-win32-x64": "2.5.4" }, "bin": { "biome": "bin/biome" } }, "sha512-xy5FNE5kQJKyK5MR1gJy6ztXYx4WBAbYGlK04lMEgmyPRWKybY9NFwiG9yo0XdzOU8Xvhj41u034J1ywfoWfMw=="],

    "@biomejs/cli-darwin-arm64": ["@biomejs/cli-darwin-arm64@2.5.4", "", { "os": "darwin", "cpu": "arm64" }, "sha512-4o3NFRobXHynkgcFVrlZsoDAFtF2ldlEGN8sORSws5ZQqyY4PXnPUIylu4ksfyHuwkfvDREuWh3JK+niRwGq3w=="],

    "@biomejs/cli-darwin-x64": ["@biomejs/cli-darwin-x64@2.5.4", "", { "os": "darwin", "cpu": "x64" }, "sha512-D32P5HkU2Y6PySuC/WsVDTOgsDwVFmujzhhhOQjajtATpVWFDXuVd3oRbsWNSEA+aaFzyzZm22szsyydBYlSyQ=="],

    "@biomejs/cli-linux-arm64": ["@biomejs/cli-linux-arm64@2.5.4", "", { "os": "linux", "cpu": "arm64" }, "sha512-pSEfW7B8kTsXUjUxC1xVVK+y85Ht3C5XxZ9gclmC7/3Ku9Vqz8jmI7k0p/BNIjQ6t4sFERI2sFeH73ybiZl6YQ=="],

    "@biomejs/cli-linux-arm64-musl": ["@biomejs/cli-linux-arm64-musl@2.5.4", "", { "os": "linux", "cpu": "arm64" }, "sha512-Rpm5/AT1m+DlJmUoYvS4/vXc+0tXJPJ2NQz25TGPyHVF5JrWy75PE0GH6kVxsKtQDuCH4OgzquZq0R4kj/wCVg=="],

    "@biomejs/cli-linux-x64": ["@biomejs/cli-linux-x64@2.5.4", "", { "os": "linux", "cpu": "x64" }, "sha512-FNxojWJkL7EajAuzBgoLe0T2G0y112M4lBrDIFl/DomFTx8yqenYOIdsRLNXvOvBBofE8hJi85LjzLmBDpY7/Q=="],

    "@biomejs/cli-linux-x64-musl": ["@biomejs/cli-linux-x64-musl@2.5.4", "", { "os": "linux", "cpu": "x64" }, "sha512-aby/PohmmgbShcHqFsZVzG8H6D98+P+A6xRWRrQcLW1pCjabcov5UUlke4UqNQBYTkDQav+jB4zyyDDeKB2GaA=="],

    "@biomejs/cli-win32-arm64": ["@biomejs/cli-win32-arm64@2.5.4", "", { "os": "win32", "cpu": "arm64" }, "sha512-emoXexPZIPAZkz2RKmA95WJUqK3I5MJNYtwEbL5ESciRzhmFMMyekDhNG8hpeOaK+ZGRDxAU4wvGuA5IHQ0h0w=="],

    "@biomejs/cli-win32-x64": ["@biomejs/cli-win32-x64@2.5.4", "", { "os": "win32", "cpu": "x64" }, "sha512-U1jaluLw1qQc2Tx7/CeSoL9N5XcqIH+GWjpUAy1ouB5nVjSCMNO+NNHdY3RAs8zxNurLWAdj6pehQdCA2zyU+Q=="],

    "@napi-rs/canvas": ["@napi-rs/canvas@0.1.100", "", { "optionalDependencies": { "@napi-rs/canvas-android-arm64": "0.1.100", "@napi-rs/canvas-darwin-arm64": "0.1.100", "@napi-rs/canvas-darwin-x64": "0.1.100", "@napi-rs/canvas-linux-arm-gnueabihf": "0.1.100", "@napi-rs/canvas-linux-arm64-gnu": "0.1.100", "@napi-rs/canvas-linux-arm64-musl": "0.1.100", "@napi-rs/canvas-linux-riscv64-gnu": "0.1.100", "@napi-rs/canvas-linux-x64-gnu": "0.1.100", "@napi-rs/canvas-linux-x64-musl": "0.1.100", "@napi-rs/canvas-win32-arm64-msvc": "0.1.100", "@napi-rs/canvas-win32-x64-msvc": "0.1.100" } }, "sha512-xglYA6q3XO5P3BNJYxVZ1IV7DLVjp1Py6nwag88YntrS+3vKHyYcMqXVS4ZztJmwz2uGvz1FWhI/4LgbR5uQDA=="],

    "@napi-rs/canvas-android-arm64": ["@napi-rs/canvas-android-arm64@0.1.100", "", { "os": "android", "cpu": "arm64" }, "sha512-hjhCKhntPv9+t4ckHymdx0phYNcVW+GKQR6Lzw2zE+pOVjOplSmtx9nNNknTjbEDLcuLZqA1y8ufKg1XfgftzQ=="],

    "@napi-rs/canvas-darwin-arm64": ["@napi-rs/canvas-darwin-arm64@0.1.100", "", { "os": "darwin", "cpu": "arm64" }, "sha512-2PcswRaC7Ly645DGt88///zuFDhJxJYdKAs1uU3mfk1atYkXufgcgLfBpk6Tm12nCQBaNt1wpybuPZ4qOhTo8A=="],

    "@napi-rs/canvas-darwin-x64": ["@napi-rs/canvas-darwin-x64@0.1.100", "", { "os": "darwin", "cpu": "x64" }, "sha512-ePNZtj7pNIva/siZMg+HmbeozkIjqUIYdoymH8HaA3qK7LfzFN4WMBM8G6HQ9ZC+H3+Dnn5pqtiXpgLykaPOhw=="],

    "@napi-rs/canvas-linux-arm-gnueabihf": ["@napi-rs/canvas-linux-arm-gnueabihf@0.1.100", "", { "os": "linux", "cpu": "arm" }, "sha512-d5cDB48oWFGU8/XPhUOFAlySgb/VAu7D+s8fi55K1Pcfg8aPplHWqMgibhVLU8ky7Pyg/fuiVLz4Nf3JrSTuUA=="],

    "@napi-rs/canvas-linux-arm64-gnu": ["@napi-rs/canvas-linux-arm64-gnu@0.1.100", "", { "os": "linux", "cpu": "arm64" }, "sha512-rDxgxRu69RvDlX/bh9o22DxLsGr8EqsNgotL9+RwQE1S0b0cqeatqsw6aW45mukm0B42DIAaAacKaYQ8cqS1nw=="],

    "@napi-rs/canvas-linux-arm64-musl": ["@napi-rs/canvas-linux-arm64-musl@0.1.100", "", { "os": "linux", "cpu": "arm64" }, "sha512-K3mDW66N+xT2/V439u1alFANiBUjdEx2gLiNYnCmUsva5jZMxWTjafBYwTzYK+EMFMHrUoabuU+T1BIP5CgbYQ=="],

    "@napi-rs/canvas-linux-riscv64-gnu": ["@napi-rs/canvas-linux-riscv64-gnu@0.1.100", "", { "os": "linux", "cpu": "none" }, "sha512-mooqUBTIsccZpnoQC4NgrC1v6C1vof39etLNMnBwCY+p0gajWJvAHLGQ6g/gGyS5YrpDW+GefSN4+Cvcr08UWw=="],

    "@napi-rs/canvas-linux-x64-gnu": ["@napi-rs/canvas-linux-x64-gnu@0.1.100", "", { "os": "linux", "cpu": "x64" }, "sha512-1eCvkDCazm7FFhsT7DfGOdSaHgZVK3bt/dSBl5EWHOWmnz+I7j8tPseJqqD81NF+MH21jKUK4wQSDjN0mdhnTg=="],

    "@napi-rs/canvas-linux-x64-musl": ["@napi-rs/canvas-linux-x64-musl@0.1.100", "", { "os": "linux", "cpu": "x64" }, "sha512-20arT6lnI19S68qNlii73TSEDbECNgzMz2EpldC1V3mZFuRkeujXkcebRk0LRJe9SEUAooYiLokfMViY8IX7yA=="],

    "@napi-rs/canvas-win32-arm64-msvc": ["@napi-rs/canvas-win32-arm64-msvc@0.1.100", "", { "os": "win32", "cpu": "arm64" }, "sha512-DZFFT1wIAg37LJw37yhMRFfjATd3vTQzjZ1Yki8u2vhO6Hi5VE6BVaGQ1aaDu7xb4iMErz+9EOwjpS7xcxFeBw=="],

    "@napi-rs/canvas-win32-x64-msvc": ["@napi-rs/canvas-win32-x64-msvc@0.1.100", "", { "os": "win32", "cpu": "x64" }, "sha512-MyT1j3mHC2+Lu4pBi9mKyMJhtP6U7k7EldY7sj/uS5gJA65gTXt8MefJQXLJo5d/vZbuWmfxzkEUNc/urV3pHA=="],

    "@shopify/admin-api-client": ["@shopify/admin-api-client@1.1.2", "", { "dependencies": { "@shopify/graphql-client": "^1.4.2" } }, "sha512-sV5gS8x4kj0KLULlOJkoBzm+tu6tn+1PCK9a6inySv5qtzmf/JxDWtLgaW9vRXeXHo/Sl/p3mBWhY3//fKA8iw=="],

    "@shopify/graphql-client": ["@shopify/graphql-client@1.4.2", "", {}, "sha512-C/fEyx6BZmTGeJv0HSsduhfn5ZbkXk0nePkyo0+xXxorP1I+uvx9pobdFxTfiPnOrh+P6QiKzBgIviksnSo4YA=="],

    "@shopify/shopify-api": ["@shopify/shopify-api@13.1.0", "", { "dependencies": { "@shopify/admin-api-client": "^1.1.2", "@shopify/graphql-client": "^1.4.2", "@shopify/storefront-api-client": "^1.0.10", "compare-versions": "^6.1.1", "isbot": "^5.1.40", "jose": "^5.9.6", "lossless-json": "^4.3.0", "tslib": "^2.8.1" } }, "sha512-TwYL9kPxOgQwwlc9tmnAmSDs79Gdg9QLaIMCfkaCJxkhWxIHVkPWa74GvbBwnmTtB8jkg61Ja4/Qxrk9bCBUiA=="],

    "@shopify/storefront-api-client": ["@shopify/storefront-api-client@1.0.10", "", { "dependencies": { "@shopify/graphql-client": "^1.4.2" } }, "sha512-A0ItFW58L5+y/jnnJDEsmt2YcQSt2BG+pNoQOYRpPBJaOLpTj7A13q1QVrE5XYVGZCA6ZQ6FqAtgosHHrkut0Q=="],

    "@types/bun": ["@types/bun@1.3.14", "", { "dependencies": { "bun-types": "1.3.14" } }, "sha512-h1hFqFVcvAvD9j9K7ZW7vd82aSA+rTdznZa+5bwvCwqSB1jmmfLcbIWhOLx1/+boy/xmjgCs/OMUL8hRJSmnPw=="],

    "@types/node": ["@types/node@26.1.1", "", { "dependencies": { "undici-types": "~8.3.0" } }, "sha512-nxAkRSVkN1Y0JC1W8ky/fTfkGsMmcrRsbx+3XoZE+rMOX71kLYTV7fLXpqud1GpbpP5TuffXFqfX7fH2GgZREw=="],

    "bun-types": ["bun-types@1.3.14", "", { "dependencies": { "@types/node": "*" } }, "sha512-4N0ig0fEomHt5R0KCFWjovxow98rIoRwKolrYdCcknNwMekCXRnWEUvgu5soYV8QXtVsrUD8B95MBOZGPvr6KQ=="],

    "compare-versions": ["compare-versions@6.1.1", "", {}, "sha512-4hm4VPpIecmlg59CHXnRDnqGplJFrbLG4aFEl5vl6cK1u76ws3LLvX7ikFnTDl5vo39sjWD6AaDPYodJp/NNHg=="],

    "consola": ["consola@3.4.2", "", {}, "sha512-5IKcdX0nnYavi6G7TtOhwkYzyjfJlatbjMjuLSfE2kYT5pMDOilZ4OvMhi637CcDICTmz3wARPoyhqyX1Y+XvA=="],

    "isbot": ["isbot@5.2.1", "", {}, "sha512-dJ+LpKyClQZ7NG+j3OensC/mAZkGpukE9YUrgPYvAZj2doVL0edfDgywTUh5CXa0o+nW9a1V9e5+CJTX8+SxRw=="],

    "jose": ["jose@5.10.0", "", {}, "sha512-s+3Al/p9g32Iq+oqXxkW//7jk2Vig6FF1CFqzVXoTUXt2qz89YWbL+OwS17NFYEvxC35n0FKeGO2LGYSxeM2Gg=="],

    "lossless-json": ["lossless-json@4.3.0", "", {}, "sha512-ToxOC+SsduRmdSuoLZLYAr5zy1Qu7l5XhmPWM3zefCZ5IcrzW/h108qbJUKfOlDlhvhjUK84+8PSVX0kxnit0g=="],

    "tslib": ["tslib@2.8.1", "", {}, "sha512-oJFu94HQb+KVduSUQL7wnpmqnfmLsOA/nAh6b6EH0wCEoK0/mPeXU6c3wKDV83MkOuHPRHtSXKKU99IBazS/2w=="],

    "typescript": ["typescript@5.9.3", "", { "bin": { "tsc": "bin/tsc", "tsserver": "bin/tsserver" } }, "sha512-jl1vZzPDinLr9eUt3J/t7V6FgNEw9QjvBPdysz9KfQDD41fQrC2Y4vKQdiaUpFT4bXlb1RHhLpp8wtm6M5TgSw=="],

    "undici-types": ["undici-types@8.3.0", "", {}, "sha512-j375ScV60dom+YkPFIfTLcOiPxkN/buHz5GobjLhixFuANaNs3C9l4GmrWqejgXWJ7BbJcFYpTEUkS1Ge8bpZQ=="],

    "xlsx": ["xlsx@https://cdn.sheetjs.com/xlsx-0.20.1/xlsx-0.20.1.tgz", { "bin": { "xlsx": "./bin/xlsx.njs" } }, "sha512-hA7SYmn/H3cJ1VGi7kmSKxbEXCEn5UVJlwYFSFXhLe54wPUvW+80TmR5l+TZh4nJCw8G/e0SuZUfvqlTIh40hw=="],
  }
}
